{
  "pins" : [
    {
      "identity" : "alamofire",
      "kind" : "remoteSourceControl",
      "location" : "https://github.com/Alamofire/Alamofire.git",
      "state" : {
        "branch" : "master",
        "revision" : "ce7f662709a152e840b130a158b9afef3402e146"
      }
    },
    {
      "identity" : "cosmos",
      "kind" : "remoteSourceControl",
      "location" : "https://github.com/evgenyneu/Cosmos.git",
      "state" : {
        "branch" : "master",
        "revision" : "cce521e734d0090494bd4afab5fd2e2f2465c1af"
      }
    },
    {
      "identity" : "kingfisher",
      "kind" : "remoteSourceControl",
      "location" : "https://github.com/onevcat/Kingfisher",
      "state" : {
        "branch" : "master",
        "revision" : "0ce2b6b09be2f46c505e31ca012ad555ef6160a9"
      }
    },
    {
      "identity" : "youtube-ios-player-helper",
      "kind" : "remoteSourceControl",
      "location" : "https://github.com/youtube/youtube-ios-player-helper.git",
      "state" : {
        "branch" : "master",
        "revision" : "f57129cd4380ec0a74dd3a59da3270a1d653d59b"
      }
    }
  ],
  "version" : 2
}
